
Microsoft Visual Studio Solution File, Format Version 12.00
# Visual Studio 15
VisualStudioVersion = 15.0.26430.16
MinimumVisualStudioVersion = 10.0.40219.1
Project("{FAE04EC0-301F-11D3-BF4B-00C04F79EFBC}") = "CSC510Project.NET", "CSC510Project.NET\CSC510Project.NET.csproj", "{B31A357E-C3D2-4492-989B-E28ED73E8242}"
EndProject
Project("{FAE04EC0-301F-11D3-BF4B-00C04F79EFBC}") = "CSC510Project.NET.Tests", "CSC510Project.NET.Tests\CSC510Project.NET.Tests.csproj", "{ECD3D7D7-21F9-49BC-93E7-FA765DC58101}"
EndProject
Global
	GlobalSection(SolutionConfigurationPlatforms) = preSolution
		Debug|Any CPU = Debug|Any CPU
		Release|Any CPU = Release|Any CPU
	EndGlobalSection
	GlobalSection(ProjectConfigurationPlatforms) = postSolution
		{B31A357E-C3D2-4492-989B-E28ED73E8242}.Debug|Any CPU.ActiveCfg = Debug|Any CPU
		{B31A357E-C3D2-4492-989B-E28ED73E8242}.Debug|Any CPU.Build.0 = Debug|Any CPU
		{B31A357E-C3D2-4492-989B-E28ED73E8242}.Release|Any CPU.ActiveCfg = Release|Any CPU
		{B31A357E-C3D2-4492-989B-E28ED73E8242}.Release|Any CPU.Build.0 = Release|Any CPU
		{ECD3D7D7-21F9-49BC-93E7-FA765DC58101}.Debug|Any CPU.ActiveCfg = Debug|Any CPU
		{ECD3D7D7-21F9-49BC-93E7-FA765DC58101}.Debug|Any CPU.Build.0 = Debug|Any CPU
		{ECD3D7D7-21F9-49BC-93E7-FA765DC58101}.Release|Any CPU.ActiveCfg = Release|Any CPU
		{ECD3D7D7-21F9-49BC-93E7-FA765DC58101}.Release|Any CPU.Build.0 = Release|Any CPU
	EndGlobalSection
	GlobalSection(SolutionProperties) = preSolution
		HideSolutionNode = FALSE
	EndGlobalSection
EndGlobal
